// !$*UTF8*$!
{
	archiveVersion = 1;
	classes = {
	};
	objectVersion = 77;
	objects = {

/* Begin PBXBuildFile section */
		8B64D6152F76F76D003E9DEA /* MasalAmcaWidget.appex in Embed Foundation Extensions */ = {isa = PBXBuildFile; fileRef = 8B64D6012F76F76D003E9DEA /* MasalAmcaWidget.appex */; platformFilter = ios; settings = {ATTRIBUTES = (CodeSignOnCopy, RemoveHeadersOnCopy, ); }; };
/* End PBXBuildFile section */

/* Begin PBXContainerItemProxy section */
		7A64D50B2F76F76D003E9DEA /* PBXContainerItemProxy */ = {
			isa = PBXContainerItemProxy;
			containerPortal = 6964D4B22F76F76D003E9DEA /* Project object */;
			proxyType = 1;
			remoteGlobalIDString = 6964D4B92F76F76D003E9DEA;
			remoteInfo = MasalAmca;
		};
		7A64D50D2F76F76D003E9DEA /* PBXContainerItemProxy */ = {
			isa = PBXContainerItemProxy;
			containerPortal = 6964D4B22F76F76D003E9DEA /* Project object */;
			proxyType = 1;
			remoteGlobalIDString = 6964D4B92F76F76D003E9DEA;
			remoteInfo = MasalAmca;
		};
		8B64D6092F76F76D003E9DEA /* PBXContainerItemProxy */ = {
			isa = PBXContainerItemProxy;
			containerPortal = 6964D4B22F76F76D003E9DEA /* Project object */;
			proxyType = 1;
			remoteGlobalIDString = 8B64D6032F76F76D003E9DEA;
			remoteInfo = MasalAmcaWidget;
		};
/* End PBXContainerItemProxy section */

/* Begin PBXCopyFilesBuildPhase section */
		8B64D6072F76F76D003E9DEA /* Embed Foundation Extensions */ = {
			isa = PBXCopyFilesBuildPhase;
			buildActionMask = 2147483647;
			dstPath = "";
			dstSubfolderSpec = 13;
			files = (
				8B64D6152F76F76D003E9DEA /* MasalAmcaWidget.appex in Embed Foundation Extensions */,
			);
			name = "Embed Foundation Extensions";
			runOnlyForDeploymentPostprocessing = 0;
		};
/* End PBXCopyFilesBuildPhase section */

/* Begin PBXFileReference section */
		6964D4BA2F76F76D003E9DEA /* MasalAmca.app */ = {isa = PBXFileReference; explicitFileType = wrapper.application; includeInIndex = 0; path = MasalAmca.app; sourceTree = BUILT_PRODUCTS_DIR; };
		7A64D5012F76F76D003E9DEA /* MasalAmcaTests.xctest */ = {isa = PBXFileReference; explicitFileType = wrapper.cfbundle; includeInIndex = 0; path = MasalAmcaTests.xctest; sourceTree = BUILT_PRODUCTS_DIR; };
		7A64D5022F76F76D003E9DEA /* MasalAmcaUITests.xctest */ = {isa = PBXFileReference; explicitFileType = wrapper.cfbundle; includeInIndex = 0; path = MasalAmcaUITests.xctest; sourceTree = BUILT_PRODUCTS_DIR; };
		8B64D6012F76F76D003E9DEA /* MasalAmcaWidget.appex */ = {isa = PBXFileReference; explicitFileType = "wrapper.app-extension"; includeInIndex = 0; path = MasalAmcaWidget.appex; sourceTree = BUILT_PRODUCTS_DIR; };
/* End PBXFileReference section */

/* Begin PBXFileSystemSynchronizedBuildFileExceptionSet section */
		6964D4C72F76F76F003E9DEA /* Exceptions for "MasalAmca" folder in "MasalAmca" target */ = {
			isa = PBXFileSystemSynchronizedBuildFileExceptionSet;
			membershipExceptions = (
				Info.plist,
			);
			target = 6964D4B92F76F76D003E9DEA /* MasalAmca */;
		};
		8B64D60F2F76F76D003E9DEA /* Exceptions for "MasalAmcaWidget" folder in "MasalAmcaWidget" target */ = {
			isa = PBXFileSystemSynchronizedBuildFileExceptionSet;
			membershipExceptions = (
				Info.plist,
			);
			target = 8B64D6032F76F76D003E9DEA /* MasalAmcaWidget */;
		};
/* End PBXFileSystemSynchronizedBuildFileExceptionSet section */

/* Begin PBXFileSystemSynchronizedRootGroup section */
		6964D4BC2F76F76D003E9DEA /* MasalAmca */ = {
			isa = PBXFileSystemSynchronizedRootGroup;
			exceptions = (
				6964D4C72F76F76F003E9DEA /* Exceptions for "MasalAmca" folder in "MasalAmca" target */,
			);
			path = MasalAmca;
			sourceTree = "<group>";
		};
		7A64D5032F76F76D003E9DEA /* MasalAmcaTests */ = {
			isa = PBXFileSystemSynchronizedRootGroup;
			path = MasalAmcaTests;
			sourceTree = "<group>";
		};
		7A64D5042F76F76D003E9DEA /* MasalAmcaUITests */ = {
			isa = PBXFileSystemSynchronizedRootGroup;
			path = MasalAmcaUITests;
			sourceTree = "<group>";
		};
		8B64D6022F76F76D003E9DEA /* MasalAmcaWidget */ = {
			isa = PBXFileSystemSynchronizedRootGroup;
			exceptions = (
				8B64D60F2F76F76D003E9DEA /* Exceptions for "MasalAmcaWidget" folder in "MasalAmcaWidget" target */,
			);
			path = MasalAmcaWidget;
			sourceTree = "<group>";
		};
/* End PBXFileSystemSynchronizedRootGroup section */

/* Begin PBXFrameworksBuildPhase section */
		6964D4B72F76F76D003E9DEA /* Frameworks */ = {
			isa = PBXFrameworksBuildPhase;
			buildActionMask = 2147483647;
			files = (
			);
			runOnlyForDeploymentPostprocessing = 0;
		};
		7A64D5082F76F76D003E9DEA /* Frameworks */ = {
			isa = PBXFrameworksBuildPhase;
			buildActionMask = 2147483647;
			files = (
			);
			runOnlyForDeploymentPostprocessing = 0;
		};
		7A64D50A2F76F76D003E9DEA /* Frameworks */ = {
			isa = PBXFrameworksBuildPhase;
			buildActionMask = 2147483647;
			files = (
			);
			runOnlyForDeploymentPostprocessing = 0;
		};
		8B64D6052F76F76D003E9DEA /* Frameworks */ = {
			isa = PBXFrameworksBuildPhase;
			buildActionMask = 2147483647;
			files = (
			);
			runOnlyForDeploymentPostprocessing = 0;
		};
/* End PBXFrameworksBuildPhase section */

/* Begin PBXGroup section */
		6964D4B12F76F76D003E9DEA = {
			isa = PBXGroup;
			children = (
				6964D4BC2F76F76D003E9DEA /* MasalAmca */,
				8B64D6022F76F76D003E9DEA /* MasalAmcaWidget */,
				7A64D5032F76F76D003E9DEA /* MasalAmcaTests */,
				7A64D5042F76F76D003E9DEA /* MasalAmcaUITests */,
				6964D4BB2F76F76D003E9DEA /* Products */,
			);
			sourceTree = "<group>";
		};
		6964D4BB2F76F76D003E9DEA /* Products */ = {
			isa = PBXGroup;
			children = (
				6964D4BA2F76F76D003E9DEA /* MasalAmca.app */,
				8B64D6012F76F76D003E9DEA /* MasalAmcaWidget.appex */,
				7A64D5012F76F76D003E9DEA /* MasalAmcaTests.xctest */,
				7A64D5022F76F76D003E9DEA /* MasalAmcaUITests.xctest */,
			);
			name = Products;
			sourceTree = "<group>";
		};
/* End PBXGroup section */

/* Begin PBXNativeTarget section */
		6964D4B92F76F76D003E9DEA /* MasalAmca */ = {
			isa = PBXNativeTarget;
			buildConfigurationList = 6964D4C82F76F76F003E9DEA /* Build configuration list for PBXNativeTarget "MasalAmca" */;
			buildPhases = (
				6964D4B62F76F76D003E9DEA /* Sources */,
				6964D4B72F76F76D003E9DEA /* Frameworks */,
				6964D4B82F76F76D003E9DEA /* Resources */,
				8B64D6072F76F76D003E9DEA /* Embed Foundation Extensions */,
			);
			buildRules = (
			);
			dependencies = (
				8B64D60A2F76F76D003E9DEA /* PBXTargetDependency */,
			);
			fileSystemSynchronizedGroups = (
				6964D4BC2F76F76D003E9DEA /* MasalAmca */,
			);
			name = MasalAmca;
			packageProductDependencies = (
			);
			productName = MasalAmca;
			productReference = 6964D4BA2F76F76D003E9DEA /* MasalAmca.app */;
			productType = "com.apple.product-type.application";
		};
		7A64D5052F76F76D003E9DEA /* MasalAmcaTests */ = {
			isa = PBXNativeTarget;
			buildConfigurationList = 7A64D5132F76F76D003E9DEA /* Build configuration list for PBXNativeTarget "MasalAmcaTests" */;
			buildPhases = (
				7A64D5072F76F76D003E9DEA /* Sources */,
				7A64D5082F76F76D003E9DEA /* Frameworks */,
			);
			buildRules = (
			);
			dependencies = (
				7A64D50C2F76F76D003E9DEA /* PBXTargetDependency */,
			);
			fileSystemSynchronizedGroups = (
				7A64D5032F76F76D003E9DEA /* MasalAmcaTests */,
			);
			name = MasalAmcaTests;
			packageProductDependencies = (
			);
			productName = MasalAmcaTests;
			productReference = 7A64D5012F76F76D003E9DEA /* MasalAmcaTests.xctest */;
			productType = "com.apple.product-type.bundle.unit-test";
		};
		7A64D5062F76F76D003E9DEA /* MasalAmcaUITests */ = {
			isa = PBXNativeTarget;
			buildConfigurationList = 7A64D5142F76F76D003E9DEA /* Build configuration list for PBXNativeTarget "MasalAmcaUITests" */;
			buildPhases = (
				7A64D5092F76F76D003E9DEA /* Sources */,
				7A64D50A2F76F76D003E9DEA /* Frameworks */,
			);
			buildRules = (
			);
			dependencies = (
				7A64D50E2F76F76D003E9DEA /* PBXTargetDependency */,
			);
			fileSystemSynchronizedGroups = (
				7A64D5042F76F76D003E9DEA /* MasalAmcaUITests */,
			);
			name = MasalAmcaUITests;
			packageProductDependencies = (
			);
			productName = MasalAmcaUITests;
			productReference = 7A64D5022F76F76D003E9DEA /* MasalAmcaUITests.xctest */;
			productType = "com.apple.product-type.bundle.ui-testing";
		};
		8B64D6032F76F76D003E9DEA /* MasalAmcaWidget */ = {
			isa = PBXNativeTarget;
			buildConfigurationList = 8B64D6142F76F76D003E9DEA /* Build configuration list for PBXNativeTarget "MasalAmcaWidget" */;
			buildPhases = (
				8B64D6042F76F76D003E9DEA /* Sources */,
				8B64D6052F76F76D003E9DEA /* Frameworks */,
				8B64D6062F76F76D003E9DEA /* Resources */,
			);
			buildRules = (
			);
			dependencies = (
			);
			fileSystemSynchronizedGroups = (
				8B64D6022F76F76D003E9DEA /* MasalAmcaWidget */,
			);
			name = MasalAmcaWidget;
			packageProductDependencies = (
			);
			productName = MasalAmcaWidget;
			productReference = 8B64D6012F76F76D003E9DEA /* MasalAmcaWidget.appex */;
			productType = "com.apple.product-type.app-extension";
		};
/* End PBXNativeTarget section */

/* Begin PBXProject section */
		6964D4B22F76F76D003E9DEA /* Project object */ = {
			isa = PBXProject;
			attributes = {
				BuildIndependentTargetsInParallel = 1;
				LastSwiftUpdateCheck = 2600;
				LastUpgradeCheck = 2600;
				TargetAttributes = {
					6964D4B92F76F76D003E9DEA = {
						CreatedOnToolsVersion = 26.0;
					};
					7A64D5052F76F76D003E9DEA = {
						CreatedOnToolsVersion = 26.0;
						TestTargetID = 6964D4B92F76F76D003E9DEA;
					};
					7A64D5062F76F76D003E9DEA = {
						CreatedOnToolsVersion = 26.0;
						TestTargetID = 6964D4B92F76F76D003E9DEA;
					};
					8B64D6032F76F76D003E9DEA = {
						CreatedOnToolsVersion = 26.0;
						DevelopmentTeam = AWZ9QWZ2NC;
					};
				};
			};
			buildConfigurationList = 6964D4B52F76F76D003E9DEA /* Build configuration list for PBXProject "MasalAmca" */;
			developmentRegion = en;
			hasScannedForEncodings = 0;
			knownRegions = (
				en,
				Base,
			);
			mainGroup = 6964D4B12F76F76D003E9DEA;
			minimizedProjectReferenceProxies = 1;
			preferredProjectObjectVersion = 77;
			productRefGroup = 6964D4BB2F76F76D003E9DEA /* Products */;
			projectDirPath = "";
			projectRoot = "";
			targets = (
				6964D4B92F76F76D003E9DEA /* MasalAmca */,
				8B64D6032F76F76D003E9DEA /* MasalAmcaWidget */,
				7A64D5052F76F76D003E9DEA /* MasalAmcaTests */,
				7A64D5062F76F76D003E9DEA /* MasalAmcaUITests */,
			);
		};
/* End PBXProject section */

/* Begin PBXResourcesBuildPhase section */
		6964D4B82F76F76D003E9DEA /* Resources */ = {
			isa = PBXResourcesBuildPhase;
			buildActionMask = 2147483647;
			files = (
			);
			runOnlyForDeploymentPostprocessing = 0;
		};
		8B64D6062F76F76D003E9DEA /* Resources */ = {
			isa = PBXResourcesBuildPhase;
			buildActionMask = 2147483647;
			files = (
			);
			runOnlyForDeploymentPostprocessing = 0;
		};
/* End PBXResourcesBuildPhase section */

/* Begin PBXSourcesBuildPhase section */
		6964D4B62F76F76D003E9DEA /* Sources */ = {
			isa = PBXSourcesBuildPhase;
			buildActionMask = 2147483647;
			files = (
			);
			runOnlyForDeploymentPostprocessing = 0;
		};
		7A64D5072F76F76D003E9DEA /* Sources */ = {
			isa = PBXSourcesBuildPhase;
			buildActionMask = 2147483647;
			files = (
			);
			runOnlyForDeploymentPostprocessing = 0;
		};
		7A64D5092F76F76D003E9DEA /* Sources */ = {
			isa = PBXSourcesBuildPhase;
			buildActionMask = 2147483647;
			files = (
			);
			runOnlyForDeploymentPostprocessing = 0;
		};
		8B64D6042F76F76D003E9DEA /* Sources */ = {
			isa = PBXSourcesBuildPhase;
			buildActionMask = 2147483647;
			files = (
			);
			runOnlyForDeploymentPostprocessing = 0;
		};
/* End PBXSourcesBuildPhase section */

/* Begin PBXTargetDependency section */
		7A64D50C2F76F76D003E9DEA /* PBXTargetDependency */ = {
			isa = PBXTargetDependency;
			target = 6964D4B92F76F76D003E9DEA /* MasalAmca */;
			targetProxy = 7A64D50B2F76F76D003E9DEA /* PBXContainerItemProxy */;
		};
		7A64D50E2F76F76D003E9DEA /* PBXTargetDependency */ = {
			isa = PBXTargetDependency;
			target = 6964D4B92F76F76D003E9DEA /* MasalAmca */;
			targetProxy = 7A64D50D2F76F76D003E9DEA /* PBXContainerItemProxy */;
		};
		8B64D60A2F76F76D003E9DEA /* PBXTargetDependency */ = {
			isa = PBXTargetDependency;
			target = 8B64D6032F76F76D003E9DEA /* MasalAmcaWidget */;
			targetProxy = 8B64D6092F76F76D003E9DEA /* PBXContainerItemProxy */;
		};
/* End PBXTargetDependency section */

/* Begin XCBuildConfiguration section */
		6964D4C92F76F76F003E9DEA /* Debug */ = {
			isa = XCBuildConfiguration;
			buildSettings = {
				ASSETCATALOG_COMPILER_APPICON_NAME = AppIcon;
				ASSETCATALOG_COMPILER_GLOBAL_ACCENT_COLOR_NAME = AccentColor;
				CODE_SIGN_ENTITLEMENTS = MasalAmca/MasalAmca.entitlements;
				CODE_SIGN_STYLE = Automatic;
				CURRENT_PROJECT_VERSION = 1;
				DEVELOPMENT_TEAM = AWZ9QWZ2NC;
				ENABLE_APP_SANDBOX = YES;
				ENABLE_HARDENED_RUNTIME = YES;
				ENABLE_PREVIEWS = YES;
				ENABLE_USER_SELECTED_FILES = readonly;
				GENERATE_INFOPLIST_FILE = YES;
				INFOPLIST_FILE = MasalAmca/Info.plist;
				"INFOPLIST_KEY_UIApplicationSceneManifest_Generation[sdk=iphoneos*]" = YES;
				"INFOPLIST_KEY_UIApplicationSceneManifest_Generation[sdk=iphonesimulator*]" = YES;
				"INFOPLIST_KEY_UIApplicationSupportsIndirectInputEvents[sdk=iphoneos*]" = YES;
				"INFOPLIST_KEY_UIApplicationSupportsIndirectInputEvents[sdk=iphonesimulator*]" = YES;
				"INFOPLIST_KEY_UILaunchScreen_Generation[sdk=iphoneos*]" = YES;
				"INFOPLIST_KEY_UILaunchScreen_Generation[sdk=iphonesimulator*]" = YES;
				"INFOPLIST_KEY_UIStatusBarStyle[sdk=iphoneos*]" = UIStatusBarStyleDefault;
				"INFOPLIST_KEY_UIStatusBarStyle[sdk=iphonesimulator*]" = UIStatusBarStyleDefault;
				INFOPLIST_KEY_UISupportedInterfaceOrientations_iPad = "UIInterfaceOrientationPortrait UIInterfaceOrientationPortraitUpsideDown UIInterfaceOrientationLandscapeLeft UIInterfaceOrientationLandscapeRight";
				INFOPLIST_KEY_UISupportedInterfaceOrientations_iPhone = "UIInterfaceOrientationPortrait UIInterfaceOrientationLandscapeLeft UIInterfaceOrientationLandscapeRight";
				IPHONEOS_DEPLOYMENT_TARGET = 26.0;
				LD_RUNPATH_SEARCH_PATHS = "@executable_path/Frameworks";
				"LD_RUNPATH_SEARCH_PATHS[sdk=macosx*]" = "@executable_path/../Frameworks";
				MACOSX_DEPLOYMENT_TARGET = 26.0;
				MARKETING_VERSION = 1.0;
				PRODUCT_BUNDLE_IDENTIFIER = alperenugus.MasalAmca;
				PRODUCT_NAME = "$(TARGET_NAME)";
				REGISTER_APP_GROUPS = YES;
				SDKROOT = auto;
				STRING_CATALOG_GENERATE_SYMBOLS = YES;
				SUPPORTED_PLATFORMS = "iphoneos iphonesimulator macosx xros xrsimulator";
				SWIFT_APPROACHABLE_CONCURRENCY = YES;
				SWIFT_DEFAULT_ACTOR_ISOLATION = MainActor;
				SWIFT_EMIT_LOC_STRINGS = YES;
				SWIFT_UPCOMING_FEATURE_MEMBER_IMPORT_VISIBILITY = YES;
				SWIFT_VERSION = 5.0;
				TARGETED_DEVICE_FAMILY = "1,2,7";
				XROS_DEPLOYMENT_TARGET = 26.0;
			};
			name = Debug;
		};
		6964D4CA2F76F76F003E9DEA /* Release */ = {
			isa = XCBuildConfiguration;
			buildSettings = {
				ASSETCATALOG_COMPILER_APPICON_NAME = AppIcon;
				ASSETCATALOG_COMPILER_GLOBAL_ACCENT_COLOR_NAME = AccentColor;
				CODE_SIGN_ENTITLEMENTS = MasalAmca/MasalAmca.entitlements;
				CODE_SIGN_STYLE = Automatic;
				CURRENT_PROJECT_VERSION = 1;
				DEVELOPMENT_TEAM = AWZ9QWZ2NC;
				ENABLE_APP_SANDBOX = YES;
				ENABLE_HARDENED_RUNTIME = YES;
				ENABLE_PREVIEWS = YES;
				ENABLE_USER_SELECTED_FILES = readonly;
				GENERATE_INFOPLIST_FILE = YES;
				INFOPLIST_FILE = MasalAmca/Info.plist;
				"INFOPLIST_KEY_UIApplicationSceneManifest_Generation[sdk=iphoneos*]" = YES;
				"INFOPLIST_KEY_UIApplicationSceneManifest_Generation[sdk=iphonesimulator*]" = YES;
				"INFOPLIST_KEY_UIApplicationSupportsIndirectInputEvents[sdk=iphoneos*]" = YES;
				"INFOPLIST_KEY_UIApplicationSupportsIndirectInputEvents[sdk=iphonesimulator*]" = YES;
				"INFOPLIST_KEY_UILaunchScreen_Generation[sdk=iphoneos*]" = YES;
				"INFOPLIST_KEY_UILaunchScreen_Generation[sdk=iphonesimulator*]" = YES;
				"INFOPLIST_KEY_UIStatusBarStyle[sdk=iphoneos*]" = UIStatusBarStyleDefault;
				"INFOPLIST_KEY_UIStatusBarStyle[sdk=iphonesimulator*]" = UIStatusBarStyleDefault;
				INFOPLIST_KEY_UISupportedInterfaceOrientations_iPad = "UIInterfaceOrientationPortrait UIInterfaceOrientationPortraitUpsideDown UIInterfaceOrientationLandscapeLeft UIInterfaceOrientationLandscapeRight";
				INFOPLIST_KEY_UISupportedInterfaceOrientations_iPhone = "UIInterfaceOrientationPortrait UIInterfaceOrientationLandscapeLeft UIInterfaceOrientationLandscapeRight";
				IPHONEOS_DEPLOYMENT_TARGET = 26.0;
				LD_RUNPATH_SEARCH_PATHS = "@executable_path/Frameworks";
				"LD_RUNPATH_SEARCH_PATHS[sdk=macosx*]" = "@executable_path/../Frameworks";
				MACOSX_DEPLOYMENT_TARGET = 26.0;
				MARKETING_VERSION = 1.0;
				PRODUCT_BUNDLE_IDENTIFIER = alperenugus.MasalAmca;
				PRODUCT_NAME = "$(TARGET_NAME)";
				REGISTER_APP_GROUPS = YES;
				SDKROOT = auto;
				STRING_CATALOG_GENERATE_SYMBOLS = YES;
				SUPPORTED_PLATFORMS = "iphoneos iphonesimulator macosx xros xrsimulator";
				SWIFT_APPROACHABLE_CONCURRENCY = YES;
				SWIFT_DEFAULT_ACTOR_ISOLATION = MainActor;
				SWIFT_EMIT_LOC_STRINGS = YES;
				SWIFT_UPCOMING_FEATURE_MEMBER_IMPORT_VISIBILITY = YES;
				SWIFT_VERSION = 5.0;
				TARGETED_DEVICE_FAMILY = "1,2,7";
				XROS_DEPLOYMENT_TARGET = 26.0;
			};
			name = Release;
		};
		6964D4CB2F76F76F003E9DEA /* Debug */ = {
			isa = XCBuildConfiguration;
			buildSettings = {
				ALWAYS_SEARCH_USER_PATHS = NO;
				ASSETCATALOG_COMPILER_GENERATE_SWIFT_ASSET_SYMBOL_EXTENSIONS = YES;
				CLANG_ANALYZER_NONNULL = YES;
				CLANG_ANALYZER_NUMBER_OBJECT_CONVERSION = YES_AGGRESSIVE;
				CLANG_CXX_LANGUAGE_STANDARD = "gnu++20";
				CLANG_ENABLE_MODULES = YES;
				CLANG_ENABLE_OBJC_ARC = YES;
				CLANG_ENABLE_OBJC_WEAK = YES;
				CLANG_WARN_BLOCK_CAPTURE_AUTORELEASING = YES;
				CLANG_WARN_BOOL_CONVERSION = YES;
				CLANG_WARN_COMMA = YES;
				CLANG_WARN_CONSTANT_CONVERSION = YES;
				CLANG_WARN_DEPRECATED_OBJC_IMPLEMENTATIONS = YES;
				CLANG_WARN_DIRECT_OBJC_ISA_USAGE = YES_ERROR;
				CLANG_WARN_DOCUMENTATION_COMMENTS = YES;
				CLANG_WARN_EMPTY_BODY = YES;
				CLANG_WARN_ENUM_CONVERSION = YES;
				CLANG_WARN_INFINITE_RECURSION = YES;
				CLANG_WARN_INT_CONVERSION = YES;
				CLANG_WARN_NON_LITERAL_NULL_CONVERSION = YES;
				CLANG_WARN_OBJC_IMPLICIT_RETAIN_SELF = YES;
				CLANG_WARN_OBJC_LITERAL_CONVERSION = YES;
				CLANG_WARN_OBJC_ROOT_CLASS = YES_ERROR;
				CLANG_WARN_QUOTED_INCLUDE_IN_FRAMEWORK_HEADER = YES;
				CLANG_WARN_RANGE_LOOP_ANALYSIS = YES;
				CLANG_WARN_STRICT_PROTOTYPES = YES;
				CLANG_WARN_SUSPICIOUS_MOVE = YES;
				CLANG_WARN_UNGUARDED_AVAILABILITY = YES_AGGRESSIVE;
				CLANG_WARN_UNREACHABLE_CODE = YES;
				CLANG_WARN__DUPLICATE_METHOD_MATCH = YES;
				COPY_PHASE_STRIP = NO;
				DEBUG_INFORMATION_FORMAT = dwarf;
				DEVELOPMENT_TEAM = AWZ9QWZ2NC;
				ENABLE_STRICT_OBJC_MSGSEND = YES;
				ENABLE_TESTABILITY = YES;
				ENABLE_USER_SCRIPT_SANDBOXING = YES;
				GCC_C_LANGUAGE_STANDARD = gnu17;
				GCC_DYNAMIC_NO_PIC = NO;
				GCC_NO_COMMON_BLOCKS = YES;
				GCC_OPTIMIZATION_LEVEL = 0;
				GCC_PREPROCESSOR_DEFINITIONS = (
					"DEBUG=1",
					"$(inherited)",
				);
				GCC_WARN_64_TO_32_BIT_CONVERSION = YES;
				GCC_WARN_ABOUT_RETURN_TYPE = YES_ERROR;
				GCC_WARN_UNDECLARED_SELECTOR = YES;
				GCC_WARN_UNINITIALIZED_AUTOS = YES_AGGRESSIVE;
				GCC_WARN_UNUSED_FUNCTION = YES;
				GCC_WARN_UNUSED_VARIABLE = YES;
				LOCALIZATION_PREFERS_STRING_CATALOGS = YES;
				MTL_ENABLE_DEBUG_INFO = INCLUDE_SOURCE;
				MTL_FAST_MATH = YES;
				ONLY_ACTIVE_ARCH = YES;
				SWIFT_ACTIVE_COMPILATION_CONDITIONS = "DEBUG $(inherited)";
				SWIFT_OPTIMIZATION_LEVEL = "-Onone";
			};
			name = Debug;
		};
		6964D4CC2F76F76F003E9DEA /* Release */ = {
			isa = XCBuildConfiguration;
			buildSettings = {
				ALWAYS_SEARCH_USER_PATHS = NO;
				ASSETCATALOG_COMPILER_GENERATE_SWIFT_ASSET_SYMBOL_EXTENSIONS = YES;
				CLANG_ANALYZER_NONNULL = YES;
				CLANG_ANALYZER_NUMBER_OBJECT_CONVERSION = YES_AGGRESSIVE;
				CLANG_CXX_LANGUAGE_STANDARD = "gnu++20";
				CLANG_ENABLE_MODULES = YES;
				CLANG_ENABLE_OBJC_ARC = YES;
				CLANG_ENABLE_OBJC_WEAK = YES;
				CLANG_WARN_BLOCK_CAPTURE_AUTORELEASING = YES;
				CLANG_WARN_BOOL_CONVERSION = YES;
				CLANG_WARN_COMMA = YES;
				CLANG_WARN_CONSTANT_CONVERSION = YES;
				CLANG_WARN_DEPRECATED_OBJC_IMPLEMENTATIONS = YES;
				CLANG_WARN_DIRECT_OBJC_ISA_USAGE = YES_ERROR;
				CLANG_WARN_DOCUMENTATION_COMMENTS = YES;
				CLANG_WARN_EMPTY_BODY = YES;
				CLANG_WARN_ENUM_CONVERSION = YES;
				CLANG_WARN_INFINITE_RECURSION = YES;
				CLANG_WARN_INT_CONVERSION = YES;
				CLANG_WARN_NON_LITERAL_NULL_CONVERSION = YES;
				CLANG_WARN_OBJC_IMPLICIT_RETAIN_SELF = YES;
				CLANG_WARN_OBJC_LITERAL_CONVERSION = YES;
				CLANG_WARN_OBJC_ROOT_CLASS = YES_ERROR;
				CLANG_WARN_QUOTED_INCLUDE_IN_FRAMEWORK_HEADER = YES;
				CLANG_WARN_RANGE_LOOP_ANALYSIS = YES;
				CLANG_WARN_STRICT_PROTOTYPES = YES;
				CLANG_WARN_SUSPICIOUS_MOVE = YES;
				CLANG_WARN_UNGUARDED_AVAILABILITY = YES_AGGRESSIVE;
				CLANG_WARN_UNREACHABLE_CODE = YES;
				CLANG_WARN__DUPLICATE_METHOD_MATCH = YES;
				COPY_PHASE_STRIP = NO;
				DEBUG_INFORMATION_FORMAT = "dwarf-with-dsym";
				DEVELOPMENT_TEAM = AWZ9QWZ2NC;
				ENABLE_NS_ASSERTIONS = NO;
				ENABLE_STRICT_OBJC_MSGSEND = YES;
				ENABLE_USER_SCRIPT_SANDBOXING = YES;
				GCC_C_LANGUAGE_STANDARD = gnu17;
				GCC_NO_COMMON_BLOCKS = YES;
				GCC_WARN_64_TO_32_BIT_CONVERSION = YES;
				GCC_WARN_ABOUT_RETURN_TYPE = YES_ERROR;
				GCC_WARN_UNDECLARED_SELECTOR = YES;
				GCC_WARN_UNINITIALIZED_AUTOS = YES_AGGRESSIVE;
				GCC_WARN_UNUSED_FUNCTION = YES;
				GCC_WARN_UNUSED_VARIABLE = YES;
				LOCALIZATION_PREFERS_STRING_CATALOGS = YES;
				MTL_ENABLE_DEBUG_INFO = NO;
				MTL_FAST_MATH = YES;
				SWIFT_COMPILATION_MODE = wholemodule;
			};
			name = Release;
		};
		7A64D50F2F76F76D003E9DEA /* Debug */ = {
			isa = XCBuildConfiguration;
			buildSettings = {
				BUNDLE_LOADER = "$(TEST_HOST)";
				CODE_SIGN_STYLE = Automatic;
				CURRENT_PROJECT_VERSION = 1;
				DEVELOPMENT_TEAM = AWZ9QWZ2NC;
				GENERATE_INFOPLIST_FILE = YES;
				IPHONEOS_DEPLOYMENT_TARGET = 26.0;
				MARKETING_VERSION = 1.0;
				PRODUCT_BUNDLE_IDENTIFIER = alperenugus.MasalAmcaTests;
				PRODUCT_NAME = "$(TARGET_NAME)";
				SDKROOT = auto;
				SUPPORTED_PLATFORMS = "iphoneos iphonesimulator";
				SWIFT_APPROACHABLE_CONCURRENCY = YES;
				SWIFT_DEFAULT_ACTOR_ISOLATION = MainActor;
				SWIFT_EMIT_LOC_STRINGS = NO;
				SWIFT_VERSION = 5.0;
				TARGETED_DEVICE_FAMILY = "1,2";
				TEST_HOST = "$(BUILT_PRODUCTS_DIR)/MasalAmca.app/MasalAmca";
			};
			name = Debug;
		};
		7A64D5102F76F76D003E9DEA /* Release */ = {
			isa = XCBuildConfiguration;
			buildSettings = {
				BUNDLE_LOADER = "$(TEST_HOST)";
				CODE_SIGN_STYLE = Automatic;
				CURRENT_PROJECT_VERSION = 1;
				DEVELOPMENT_TEAM = AWZ9QWZ2NC;
				GENERATE_INFOPLIST_FILE = YES;
				IPHONEOS_DEPLOYMENT_TARGET = 26.0;
				MARKETING_VERSION = 1.0;
				PRODUCT_BUNDLE_IDENTIFIER = alperenugus.MasalAmcaTests;
				PRODUCT_NAME = "$(TARGET_NAME)";
				SDKROOT = auto;
				SUPPORTED_PLATFORMS = "iphoneos iphonesimulator";
				SWIFT_APPROACHABLE_CONCURRENCY = YES;
				SWIFT_DEFAULT_ACTOR_ISOLATION = MainActor;
				SWIFT_EMIT_LOC_STRINGS = NO;
				SWIFT_VERSION = 5.0;
				TARGETED_DEVICE_FAMILY = "1,2";
				TEST_HOST = "$(BUILT_PRODUCTS_DIR)/MasalAmca.app/MasalAmca";
			};
			name = Release;
		};
		7A64D5112F76F76D003E9DEA /* Debug */ = {
			isa = XCBuildConfiguration;
			buildSettings = {
				CODE_SIGN_STYLE = Automatic;
				CURRENT_PROJECT_VERSION = 1;
				DEVELOPMENT_TEAM = AWZ9QWZ2NC;
				GENERATE_INFOPLIST_FILE = YES;
				IPHONEOS_DEPLOYMENT_TARGET = 26.0;
				MARKETING_VERSION = 1.0;
				PRODUCT_BUNDLE_IDENTIFIER = alperenugus.MasalAmcaUITests;
				PRODUCT_NAME = "$(TARGET_NAME)";
				SDKROOT = auto;
				SUPPORTED_PLATFORMS = "iphoneos iphonesimulator";
				SWIFT_APPROACHABLE_CONCURRENCY = YES;
				SWIFT_DEFAULT_ACTOR_ISOLATION = MainActor;
				SWIFT_EMIT_LOC_STRINGS = NO;
				SWIFT_VERSION = 5.0;
				TARGETED_DEVICE_FAMILY = "1,2";
				TEST_TARGET_NAME = MasalAmca;
			};
			name = Debug;
		};
		7A64D5122F76F76D003E9DEA /* Release */ = {
			isa = XCBuildConfiguration;
			buildSettings = {
				CODE_SIGN_STYLE = Automatic;
				CURRENT_PROJECT_VERSION = 1;
				DEVELOPMENT_TEAM = AWZ9QWZ2NC;
				GENERATE_INFOPLIST_FILE = YES;
				IPHONEOS_DEPLOYMENT_TARGET = 26.0;
				MARKETING_VERSION = 1.0;
				PRODUCT_BUNDLE_IDENTIFIER = alperenugus.MasalAmcaUITests;
				PRODUCT_NAME = "$(TARGET_NAME)";
				SDKROOT = auto;
				SUPPORTED_PLATFORMS = "iphoneos iphonesimulator";
				SWIFT_APPROACHABLE_CONCURRENCY = YES;
				SWIFT_DEFAULT_ACTOR_ISOLATION = MainActor;
				SWIFT_EMIT_LOC_STRINGS = NO;
				SWIFT_VERSION = 5.0;
				TARGETED_DEVICE_FAMILY = "1,2";
				TEST_TARGET_NAME = MasalAmca;
			};
			name = Release;
		};
		8B64D6122F76F76D003E9DEA /* Debug */ = {
			isa = XCBuildConfiguration;
			buildSettings = {
				APPLICATION_EXTENSION_API_ONLY = YES;
				CODE_SIGN_ENTITLEMENTS = MasalAmcaWidget/MasalAmcaWidget.entitlements;
				CODE_SIGN_STYLE = Automatic;
				CURRENT_PROJECT_VERSION = 1;
				DEVELOPMENT_TEAM = AWZ9QWZ2NC;
				GENERATE_INFOPLIST_FILE = YES;
				INFOPLIST_FILE = MasalAmcaWidget/Info.plist;
				INFOPLIST_KEY_CFBundleDisplayName = "Masal Amca";
				INFOPLIST_KEY_NSHumanReadableCopyright = "";
				IPHONEOS_DEPLOYMENT_TARGET = 26.0;
				LD_RUNPATH_SEARCH_PATHS = (
					"$(inherited)",
					"@executable_path/Frameworks",
					"@executable_path/../../Frameworks",
				);
				MARKETING_VERSION = 1.0;
				PRODUCT_BUNDLE_IDENTIFIER = alperenugus.MasalAmca.MasalAmcaWidget;
				PRODUCT_NAME = "$(TARGET_NAME)";
				SDKROOT = iphoneos;
				SKIP_INSTALL = YES;
				SUPPORTED_PLATFORMS = "iphoneos iphonesimulator";
				SWIFT_APPROACHABLE_CONCURRENCY = YES;
				SWIFT_DEFAULT_ACTOR_ISOLATION = MainActor;
				SWIFT_EMIT_LOC_STRINGS = NO;
				SWIFT_VERSION = 5.0;
				TARGETED_DEVICE_FAMILY = "1,2";
			};
			name = Debug;
		};
		8B64D6132F76F76D003E9DEA /* Release */ = {
			isa = XCBuildConfiguration;
			buildSettings = {
				APPLICATION_EXTENSION_API_ONLY = YES;
				CODE_SIGN_ENTITLEMENTS = MasalAmcaWidget/MasalAmcaWidget.entitlements;
				CODE_SIGN_STYLE = Automatic;
				CURRENT_PROJECT_VERSION = 1;
				DEVELOPMENT_TEAM = AWZ9QWZ2NC;
				GENERATE_INFOPLIST_FILE = YES;
				INFOPLIST_FILE = MasalAmcaWidget/Info.plist;
				INFOPLIST_KEY_CFBundleDisplayName = "Masal Amca";
				INFOPLIST_KEY_NSHumanReadableCopyright = "";
				IPHONEOS_DEPLOYMENT_TARGET = 26.0;
				LD_RUNPATH_SEARCH_PATHS = (
					"$(inherited)",
					"@executable_path/Frameworks",
					"@executable_path/../../Frameworks",
				);
				MARKETING_VERSION = 1.0;
				PRODUCT_BUNDLE_IDENTIFIER = alperenugus.MasalAmca.MasalAmcaWidget;
				PRODUCT_NAME = "$(TARGET_NAME)";
				SDKROOT = iphoneos;
				SKIP_INSTALL = YES;
				SUPPORTED_PLATFORMS = "iphoneos iphonesimulator";
				SWIFT_APPROACHABLE_CONCURRENCY = YES;
				SWIFT_DEFAULT_ACTOR_ISOLATION = MainActor;
				SWIFT_EMIT_LOC_STRINGS = NO;
				SWIFT_VERSION = 5.0;
				TARGETED_DEVICE_FAMILY = "1,2";
			};
			name = Release;
		};
/* End XCBuildConfiguration section */

/* Begin XCConfigurationList section */
		6964D4B52F76F76D003E9DEA /* Build configuration list for PBXProject "MasalAmca" */ = {
			isa = XCConfigurationList;
			buildConfigurations = (
				6964D4CB2F76F76F003E9DEA /* Debug */,
				6964D4CC2F76F76F003E9DEA /* Release */,
			);
			defaultConfigurationIsVisible = 0;
			defaultConfigurationName = Release;
		};
		6964D4C82F76F76F003E9DEA /* Build configuration list for PBXNativeTarget "MasalAmca" */ = {
			isa = XCConfigurationList;
			buildConfigurations = (
				6964D4C92F76F76F003E9DEA /* Debug */,
				6964D4CA2F76F76F003E9DEA /* Release */,
			);
			defaultConfigurationIsVisible = 0;
			defaultConfigurationName = Release;
		};
		7A64D5132F76F76D003E9DEA /* Build configuration list for PBXNativeTarget "MasalAmcaTests" */ = {
			isa = XCConfigurationList;
			buildConfigurations = (
				7A64D50F2F76F76D003E9DEA /* Debug */,
				7A64D5102F76F76D003E9DEA /* Release */,
			);
			defaultConfigurationIsVisible = 0;
			defaultConfigurationName = Release;
		};
		7A64D5142F76F76D003E9DEA /* Build configuration list for PBXNativeTarget "MasalAmcaUITests" */ = {
			isa = XCConfigurationList;
			buildConfigurations = (
				7A64D5112F76F76D003E9DEA /* Debug */,
				7A64D5122F76F76D003E9DEA /* Release */,
			);
			defaultConfigurationIsVisible = 0;
			defaultConfigurationName = Release;
		};
		8B64D6142F76F76D003E9DEA /* Build configuration list for PBXNativeTarget "MasalAmcaWidget" */ = {
			isa = XCConfigurationList;
			buildConfigurations = (
				8B64D6122F76F76D003E9DEA /* Debug */,
				8B64D6132F76F76D003E9DEA /* Release */,
			);
			defaultConfigurationIsVisible = 0;
			defaultConfigurationName = Release;
		};
/* End XCConfigurationList section */
	};
	rootObject = 6964D4B22F76F76D003E9DEA /* Project object */;
}
